
Microsoft Visual Studio Solution File, Format Version 12.00
Project("{FAE04EC0-301F-11D3-BF4B-00C04F79EFBC}") = "Try-More-On-IEnumerable", "Try-More-On-IEnumerable\Try-More-On-IEnumerable.csproj", "{3FCF75F4-DE7B-4FC5-95A0-662F329A3A0B}"
EndProject
Global
	GlobalSection(SolutionConfigurationPlatforms) = preSolution
		Debug|Any CPU = Debug|Any CPU
		Release|Any CPU = Release|Any CPU
	EndGlobalSection
	GlobalSection(ProjectConfigurationPlatforms) = postSolution
		{3FCF75F4-DE7B-4FC5-95A0-662F329A3A0B}.Debug|Any CPU.ActiveCfg = Debug|Any CPU
		{3FCF75F4-DE7B-4FC5-95A0-662F329A3A0B}.Debug|Any CPU.Build.0 = Debug|Any CPU
		{3FCF75F4-DE7B-4FC5-95A0-662F329A3A0B}.Release|Any CPU.ActiveCfg = Release|Any CPU
		{3FCF75F4-DE7B-4FC5-95A0-662F329A3A0B}.Release|Any CPU.Build.0 = Release|Any CPU
	EndGlobalSection
EndGlobal
