
Microsoft Visual Studio Solution File, Format Version 12.00
Project("{FAE04EC0-301F-11D3-BF4B-00C04F79EFBC}") = "Newbe.Blazors.Slider", "Newbe.Blazors.Slider\Newbe.Blazors.Slider.csproj", "{2BD600C6-D00A-42E5-820C-20763B823A65}"
EndProject
Global
	GlobalSection(SolutionConfigurationPlatforms) = preSolution
		Debug|Any CPU = Debug|Any CPU
		Release|Any CPU = Release|Any CPU
	EndGlobalSection
	GlobalSection(ProjectConfigurationPlatforms) = postSolution
		{2BD600C6-D00A-42E5-820C-20763B823A65}.Debug|Any CPU.ActiveCfg = Debug|Any CPU
		{2BD600C6-D00A-42E5-820C-20763B823A65}.Debug|Any CPU.Build.0 = Debug|Any CPU
		{2BD600C6-D00A-42E5-820C-20763B823A65}.Release|Any CPU.ActiveCfg = Release|Any CPU
		{2BD600C6-D00A-42E5-820C-20763B823A65}.Release|Any CPU.Build.0 = Release|Any CPU
	EndGlobalSection
EndGlobal
