
Microsoft Visual Studio Solution File, Format Version 12.00
Project("{FAE04EC0-301F-11D3-BF4B-00C04F79EFBC}") = "Newbe.Blazors.CvsDemo", "Newbe.Blazors.CvsDemo\Newbe.Blazors.CvsDemo.csproj", "{B52D1DFD-552C-4565-A715-DE80F529221C}"
EndProject
Global
	GlobalSection(SolutionConfigurationPlatforms) = preSolution
		Debug|Any CPU = Debug|Any CPU
		Release|Any CPU = Release|Any CPU
	EndGlobalSection
	GlobalSection(ProjectConfigurationPlatforms) = postSolution
		{B52D1DFD-552C-4565-A715-DE80F529221C}.Debug|Any CPU.ActiveCfg = Debug|Any CPU
		{B52D1DFD-552C-4565-A715-DE80F529221C}.Debug|Any CPU.Build.0 = Debug|Any CPU
		{B52D1DFD-552C-4565-A715-DE80F529221C}.Release|Any CPU.ActiveCfg = Release|Any CPU
		{B52D1DFD-552C-4565-A715-DE80F529221C}.Release|Any CPU.Build.0 = Release|Any CPU
	EndGlobalSection
EndGlobal
