
Microsoft Visual Studio Solution File, Format Version 12.00
# Visual Studio Version 16
VisualStudioVersion = 16.0.30114.105
MinimumVisualStudioVersion = 10.0.40219.1
Project("{FAE04EC0-301F-11D3-BF4B-00C04F79EFBC}") = "App5", "App5\App5.csproj", "{EDD848A3-281C-416D-B53A-504A3757BC83}"
EndProject
Project("{FAE04EC0-301F-11D3-BF4B-00C04F79EFBC}") = "App6", "App6\App6.csproj", "{8596CC44-F6C3-447D-8BC4-669255895237}"
EndProject
Project("{FAE04EC0-301F-11D3-BF4B-00C04F79EFBC}") = "App21", "App21\App21.csproj", "{09226D87-B5E3-4BC0-96B7-574FCEE181B8}"
EndProject
Project("{FAE04EC0-301F-11D3-BF4B-00C04F79EFBC}") = "App31", "App31\App31.csproj", "{9646EF61-28E3-4A58-8061-A80B186054B8}"
EndProject
Global
	GlobalSection(SolutionConfigurationPlatforms) = preSolution
		Debug|Any CPU = Debug|Any CPU
		Release|Any CPU = Release|Any CPU
	EndGlobalSection
	GlobalSection(SolutionProperties) = preSolution
		HideSolutionNode = FALSE
	EndGlobalSection
	GlobalSection(ProjectConfigurationPlatforms) = postSolution
		{EDD848A3-281C-416D-B53A-504A3757BC83}.Debug|Any CPU.ActiveCfg = Debug|Any CPU
		{EDD848A3-281C-416D-B53A-504A3757BC83}.Debug|Any CPU.Build.0 = Debug|Any CPU
		{EDD848A3-281C-416D-B53A-504A3757BC83}.Release|Any CPU.ActiveCfg = Release|Any CPU
		{EDD848A3-281C-416D-B53A-504A3757BC83}.Release|Any CPU.Build.0 = Release|Any CPU
		{8596CC44-F6C3-447D-8BC4-669255895237}.Debug|Any CPU.ActiveCfg = Debug|Any CPU
		{8596CC44-F6C3-447D-8BC4-669255895237}.Debug|Any CPU.Build.0 = Debug|Any CPU
		{8596CC44-F6C3-447D-8BC4-669255895237}.Release|Any CPU.ActiveCfg = Release|Any CPU
		{8596CC44-F6C3-447D-8BC4-669255895237}.Release|Any CPU.Build.0 = Release|Any CPU
		{09226D87-B5E3-4BC0-96B7-574FCEE181B8}.Debug|Any CPU.ActiveCfg = Debug|Any CPU
		{09226D87-B5E3-4BC0-96B7-574FCEE181B8}.Debug|Any CPU.Build.0 = Debug|Any CPU
		{09226D87-B5E3-4BC0-96B7-574FCEE181B8}.Release|Any CPU.ActiveCfg = Release|Any CPU
		{09226D87-B5E3-4BC0-96B7-574FCEE181B8}.Release|Any CPU.Build.0 = Release|Any CPU
		{9646EF61-28E3-4A58-8061-A80B186054B8}.Debug|Any CPU.ActiveCfg = Debug|Any CPU
		{9646EF61-28E3-4A58-8061-A80B186054B8}.Debug|Any CPU.Build.0 = Debug|Any CPU
		{9646EF61-28E3-4A58-8061-A80B186054B8}.Release|Any CPU.ActiveCfg = Release|Any CPU
		{9646EF61-28E3-4A58-8061-A80B186054B8}.Release|Any CPU.Build.0 = Release|Any CPU
	EndGlobalSection
EndGlobal
