
Microsoft Visual Studio Solution File, Format Version 12.00
Project("{FAE04EC0-301F-11D3-BF4B-00C04F79EFBC}") = "Newbe.Blazors.GithubReleaseMirror", "Newbe.Blazors.GithubReleaseMirror\Newbe.Blazors.GithubReleaseMirror.csproj", "{559EEE67-6747-406F-879A-A98D9135C181}"
EndProject
Global
	GlobalSection(SolutionConfigurationPlatforms) = preSolution
		Debug|Any CPU = Debug|Any CPU
		Release|Any CPU = Release|Any CPU
	EndGlobalSection
	GlobalSection(ProjectConfigurationPlatforms) = postSolution
		{559EEE67-6747-406F-879A-A98D9135C181}.Debug|Any CPU.ActiveCfg = Debug|Any CPU
		{559EEE67-6747-406F-879A-A98D9135C181}.Debug|Any CPU.Build.0 = Debug|Any CPU
		{559EEE67-6747-406F-879A-A98D9135C181}.Release|Any CPU.ActiveCfg = Release|Any CPU
		{559EEE67-6747-406F-879A-A98D9135C181}.Release|Any CPU.Build.0 = Release|Any CPU
	EndGlobalSection
EndGlobal
