
Microsoft Visual Studio Solution File, Format Version 12.00
Project("{FAE04EC0-301F-11D3-BF4B-00C04F79EFBC}") = "Newbe.Rider", "Newbe.Rider\Newbe.Rider.csproj", "{6CFBF2FD-694E-4BB8-8D51-35626F469DDA}"
EndProject
Project("{FAE04EC0-301F-11D3-BF4B-00C04F79EFBC}") = "Newbe.Rider.AutoMapperTest", "Newbe.Rider.AutoMapperTest\Newbe.Rider.AutoMapperTest.csproj", "{E418847D-CA3D-417D-B1B9-E8264EE64292}"
EndProject
Project("{FAE04EC0-301F-11D3-BF4B-00C04F79EFBC}") = "Newbe.Rider.MovingConsts", "Newbe.Rider.MovingConsts\Newbe.Rider.MovingConsts.csproj", "{88982962-D116-43AE-BA13-3090839428C8}"
EndProject
Project("{FAE04EC0-301F-11D3-BF4B-00C04F79EFBC}") = "Newbe.Rider.Clock", "Newbe.Rider.Clock\Newbe.Rider.Clock.csproj", "{06EF9378-876C-4F25-9315-5BF33C7B7A0F}"
EndProject
Global
	GlobalSection(SolutionConfigurationPlatforms) = preSolution
		Debug|Any CPU = Debug|Any CPU
		Release|Any CPU = Release|Any CPU
	EndGlobalSection
	GlobalSection(ProjectConfigurationPlatforms) = postSolution
		{6CFBF2FD-694E-4BB8-8D51-35626F469DDA}.Debug|Any CPU.ActiveCfg = Debug|Any CPU
		{6CFBF2FD-694E-4BB8-8D51-35626F469DDA}.Debug|Any CPU.Build.0 = Debug|Any CPU
		{6CFBF2FD-694E-4BB8-8D51-35626F469DDA}.Release|Any CPU.ActiveCfg = Release|Any CPU
		{6CFBF2FD-694E-4BB8-8D51-35626F469DDA}.Release|Any CPU.Build.0 = Release|Any CPU
		{E418847D-CA3D-417D-B1B9-E8264EE64292}.Debug|Any CPU.ActiveCfg = Debug|Any CPU
		{E418847D-CA3D-417D-B1B9-E8264EE64292}.Debug|Any CPU.Build.0 = Debug|Any CPU
		{E418847D-CA3D-417D-B1B9-E8264EE64292}.Release|Any CPU.ActiveCfg = Release|Any CPU
		{E418847D-CA3D-417D-B1B9-E8264EE64292}.Release|Any CPU.Build.0 = Release|Any CPU
		{88982962-D116-43AE-BA13-3090839428C8}.Debug|Any CPU.ActiveCfg = Debug|Any CPU
		{88982962-D116-43AE-BA13-3090839428C8}.Debug|Any CPU.Build.0 = Debug|Any CPU
		{88982962-D116-43AE-BA13-3090839428C8}.Release|Any CPU.ActiveCfg = Release|Any CPU
		{88982962-D116-43AE-BA13-3090839428C8}.Release|Any CPU.Build.0 = Release|Any CPU
		{06EF9378-876C-4F25-9315-5BF33C7B7A0F}.Debug|Any CPU.ActiveCfg = Debug|Any CPU
		{06EF9378-876C-4F25-9315-5BF33C7B7A0F}.Debug|Any CPU.Build.0 = Debug|Any CPU
		{06EF9378-876C-4F25-9315-5BF33C7B7A0F}.Release|Any CPU.ActiveCfg = Release|Any CPU
		{06EF9378-876C-4F25-9315-5BF33C7B7A0F}.Release|Any CPU.Build.0 = Release|Any CPU
	EndGlobalSection
EndGlobal
